
Microsoft Visual Studio Solution File, Format Version 12.00
# Visual Studio 15
VisualStudioVersion = 15.0.27428.2015
MinimumVisualStudioVersion = 10.0.40219.1
Project("{2150E333-8FDC-42A3-9474-1A3956D46DE8}") = "Creational", "Creational", "{2F99F17C-6A97-4AEE-984C-F0059DBFC8C6}"
EndProject
Project("{2150E333-8FDC-42A3-9474-1A3956D46DE8}") = "Singleton", "Singleton", "{F3D0FE41-D5D7-4D23-8713-B672F7920A99}"
EndProject
Project("{9A19103F-16F7-4668-BE54-9A1E7A4F7556}") = "DesignPattern.Creational.Singleton", "Creational\Singleton\DesignPattern.Creational.Singleton\DesignPattern.Creational.Singleton.csproj", "{813199F4-23CC-4F42-852C-3909238C97DD}"
EndProject
Project("{2150E333-8FDC-42A3-9474-1A3956D46DE8}") = "Prototype", "Prototype", "{D03D1D71-16E5-44E4-852C-3A6DB10BC2F0}"
EndProject
Project("{FAE04EC0-301F-11D3-BF4B-00C04F79EFBC}") = "DesignPattern.Creational.Prototype", "DesignPattern.Creational.Prototype\DesignPattern.Creational.Prototype.csproj", "{470C7DB2-18DD-464D-A298-F021C4DCADFF}"
EndProject
Project("{2150E333-8FDC-42A3-9474-1A3956D46DE8}") = "Builder", "Builder", "{E427B038-DD60-4FA5-B25A-28577B66C9FD}"
EndProject
Project("{FAE04EC0-301F-11D3-BF4B-00C04F79EFBC}") = "DesignPattern.Creational.Builder", "DesignPattern.Creational.Builder\DesignPattern.Creational.Builder.csproj", "{A31A4482-BCD6-4931-8047-6BE4E1B0FCB8}"
EndProject
Global
	GlobalSection(SolutionConfigurationPlatforms) = preSolution
		Debug|Any CPU = Debug|Any CPU
		Release|Any CPU = Release|Any CPU
	EndGlobalSection
	GlobalSection(ProjectConfigurationPlatforms) = postSolution
		{813199F4-23CC-4F42-852C-3909238C97DD}.Debug|Any CPU.ActiveCfg = Debug|Any CPU
		{813199F4-23CC-4F42-852C-3909238C97DD}.Debug|Any CPU.Build.0 = Debug|Any CPU
		{813199F4-23CC-4F42-852C-3909238C97DD}.Release|Any CPU.ActiveCfg = Release|Any CPU
		{813199F4-23CC-4F42-852C-3909238C97DD}.Release|Any CPU.Build.0 = Release|Any CPU
		{470C7DB2-18DD-464D-A298-F021C4DCADFF}.Debug|Any CPU.ActiveCfg = Debug|Any CPU
		{470C7DB2-18DD-464D-A298-F021C4DCADFF}.Debug|Any CPU.Build.0 = Debug|Any CPU
		{470C7DB2-18DD-464D-A298-F021C4DCADFF}.Release|Any CPU.ActiveCfg = Release|Any CPU
		{470C7DB2-18DD-464D-A298-F021C4DCADFF}.Release|Any CPU.Build.0 = Release|Any CPU
		{A31A4482-BCD6-4931-8047-6BE4E1B0FCB8}.Debug|Any CPU.ActiveCfg = Debug|Any CPU
		{A31A4482-BCD6-4931-8047-6BE4E1B0FCB8}.Debug|Any CPU.Build.0 = Debug|Any CPU
		{A31A4482-BCD6-4931-8047-6BE4E1B0FCB8}.Release|Any CPU.ActiveCfg = Release|Any CPU
		{A31A4482-BCD6-4931-8047-6BE4E1B0FCB8}.Release|Any CPU.Build.0 = Release|Any CPU
	EndGlobalSection
	GlobalSection(SolutionProperties) = preSolution
		HideSolutionNode = FALSE
	EndGlobalSection
	GlobalSection(NestedProjects) = preSolution
		{F3D0FE41-D5D7-4D23-8713-B672F7920A99} = {2F99F17C-6A97-4AEE-984C-F0059DBFC8C6}
		{813199F4-23CC-4F42-852C-3909238C97DD} = {F3D0FE41-D5D7-4D23-8713-B672F7920A99}
		{D03D1D71-16E5-44E4-852C-3A6DB10BC2F0} = {2F99F17C-6A97-4AEE-984C-F0059DBFC8C6}
		{470C7DB2-18DD-464D-A298-F021C4DCADFF} = {D03D1D71-16E5-44E4-852C-3A6DB10BC2F0}
		{E427B038-DD60-4FA5-B25A-28577B66C9FD} = {2F99F17C-6A97-4AEE-984C-F0059DBFC8C6}
		{A31A4482-BCD6-4931-8047-6BE4E1B0FCB8} = {E427B038-DD60-4FA5-B25A-28577B66C9FD}
	EndGlobalSection
	GlobalSection(ExtensibilityGlobals) = postSolution
		SolutionGuid = {E0B93A71-B5FC-4FBD-A3CD-411791FEAB70}
	EndGlobalSection
EndGlobal
